
Microsoft Visual Studio Solution File, Format Version 12.00
# Visual Studio Version 17
VisualStudioVersion = 17.4.33213.308
MinimumVisualStudioVersion = 10.0.40219.1
Project("{FAE04EC0-301F-11D3-BF4B-00C04F79EFBC}") = "CarProject.Domain", "CarProject.Domain\CarProject.Domain.csproj", "{608D89DD-90D0-48D2-9D11-BA31DFCB260F}"
EndProject
Project("{FAE04EC0-301F-11D3-BF4B-00C04F79EFBC}") = "CarProject.Service", "CarProject.Service\CarProject.Service.csproj", "{4660FB13-0FCB-4899-B654-B5119A5E4A21}"
EndProject
Project("{FAE04EC0-301F-11D3-BF4B-00C04F79EFBC}") = "CarProject.DataAccess", "CarProject.DataAccess\CarProject.DataAccess.csproj", "{1203352C-BECD-450E-90CA-3068C3FD446A}"
EndProject
Project("{FAE04EC0-301F-11D3-BF4B-00C04F79EFBC}") = "CarProject.API", "CarProject.API\CarProject.API.csproj", "{6F3F28E9-35D4-4BF6-BED9-EF57DC3D76D2}"
EndProject
Project("{FAE04EC0-301F-11D3-BF4B-00C04F79EFBC}") = "CarProject.Service.Tests", "CarProject.Service.Tests\CarProject.Service.Tests.csproj", "{5AB710E8-3581-4DA6-8021-B7A110913F58}"
EndProject
Global
	GlobalSection(SolutionConfigurationPlatforms) = preSolution
		Debug|Any CPU = Debug|Any CPU
		Release|Any CPU = Release|Any CPU
	EndGlobalSection
	GlobalSection(ProjectConfigurationPlatforms) = postSolution
		{608D89DD-90D0-48D2-9D11-BA31DFCB260F}.Debug|Any CPU.ActiveCfg = Debug|Any CPU
		{608D89DD-90D0-48D2-9D11-BA31DFCB260F}.Debug|Any CPU.Build.0 = Debug|Any CPU
		{608D89DD-90D0-48D2-9D11-BA31DFCB260F}.Release|Any CPU.ActiveCfg = Release|Any CPU
		{608D89DD-90D0-48D2-9D11-BA31DFCB260F}.Release|Any CPU.Build.0 = Release|Any CPU
		{4660FB13-0FCB-4899-B654-B5119A5E4A21}.Debug|Any CPU.ActiveCfg = Debug|Any CPU
		{4660FB13-0FCB-4899-B654-B5119A5E4A21}.Debug|Any CPU.Build.0 = Debug|Any CPU
		{4660FB13-0FCB-4899-B654-B5119A5E4A21}.Release|Any CPU.ActiveCfg = Release|Any CPU
		{4660FB13-0FCB-4899-B654-B5119A5E4A21}.Release|Any CPU.Build.0 = Release|Any CPU
		{1203352C-BECD-450E-90CA-3068C3FD446A}.Debug|Any CPU.ActiveCfg = Debug|Any CPU
		{1203352C-BECD-450E-90CA-3068C3FD446A}.Debug|Any CPU.Build.0 = Debug|Any CPU
		{1203352C-BECD-450E-90CA-3068C3FD446A}.Release|Any CPU.ActiveCfg = Release|Any CPU
		{1203352C-BECD-450E-90CA-3068C3FD446A}.Release|Any CPU.Build.0 = Release|Any CPU
		{6F3F28E9-35D4-4BF6-BED9-EF57DC3D76D2}.Debug|Any CPU.ActiveCfg = Debug|Any CPU
		{6F3F28E9-35D4-4BF6-BED9-EF57DC3D76D2}.Debug|Any CPU.Build.0 = Debug|Any CPU
		{6F3F28E9-35D4-4BF6-BED9-EF57DC3D76D2}.Release|Any CPU.ActiveCfg = Release|Any CPU
		{6F3F28E9-35D4-4BF6-BED9-EF57DC3D76D2}.Release|Any CPU.Build.0 = Release|Any CPU
		{5AB710E8-3581-4DA6-8021-B7A110913F58}.Debug|Any CPU.ActiveCfg = Debug|Any CPU
		{5AB710E8-3581-4DA6-8021-B7A110913F58}.Debug|Any CPU.Build.0 = Debug|Any CPU
		{5AB710E8-3581-4DA6-8021-B7A110913F58}.Release|Any CPU.ActiveCfg = Release|Any CPU
		{5AB710E8-3581-4DA6-8021-B7A110913F58}.Release|Any CPU.Build.0 = Release|Any CPU
	EndGlobalSection
	GlobalSection(SolutionProperties) = preSolution
		HideSolutionNode = FALSE
	EndGlobalSection
	GlobalSection(ExtensibilityGlobals) = postSolution
		SolutionGuid = {6DF04530-32EA-45B9-B2EB-D15B7F3CC7B5}
	EndGlobalSection
EndGlobal
